
Microsoft Visual Studio Solution File, Format Version 12.00
# Visual Studio Version 17
VisualStudioVersion = 17.11.35431.28
MinimumVisualStudioVersion = 10.0.40219.1
Project("{FAE04EC0-301F-11D3-BF4B-00C04F79EFBC}") = "PythonCSharp", "PythonCSharp\PythonCSharp.csproj", "{093C13E5-FEE5-46A5-B286-706F04CEA4D3}"
EndProject
Global
	GlobalSection(SolutionConfigurationPlatforms) = preSolution
		Debug|Any CPU = Debug|Any CPU
		Release|Any CPU = Release|Any CPU
	EndGlobalSection
	GlobalSection(ProjectConfigurationPlatforms) = postSolution
		{093C13E5-FEE5-46A5-B286-706F04CEA4D3}.Debug|Any CPU.ActiveCfg = Debug|Any CPU
		{093C13E5-FEE5-46A5-B286-706F04CEA4D3}.Debug|Any CPU.Build.0 = Debug|Any CPU
		{093C13E5-FEE5-46A5-B286-706F04CEA4D3}.Release|Any CPU.ActiveCfg = Release|Any CPU
		{093C13E5-FEE5-46A5-B286-706F04CEA4D3}.Release|Any CPU.Build.0 = Release|Any CPU
	EndGlobalSection
	GlobalSection(SolutionProperties) = preSolution
		HideSolutionNode = FALSE
	EndGlobalSection
	GlobalSection(ExtensibilityGlobals) = postSolution
		SolutionGuid = {CE85D1BD-2B84-4866-8937-5FF7E40BCCA7}
	EndGlobalSection
EndGlobal
